
Microsoft Visual Studio Solution File, Format Version 12.00
# Visual Studio Version 17
VisualStudioVersion = 17.10.35027.167
MinimumVisualStudioVersion = 10.0.40219.1
Project("{FAE04EC0-301F-11D3-BF4B-00C04F79EFBC}") = "timesheet-entry-system", "timesheet-entry-system\timesheet-entry-system.csproj", "{BA1D6FF6-115C-4BF6-BE0B-06B4393CFFEB}"
EndProject
Project("{FAE04EC0-301F-11D3-BF4B-00C04F79EFBC}") = "timesheet-entry-system.tests", "cmap-timesheet-system.tests\timesheet-entry-system.tests.csproj", "{DA1B8F6F-1AA6-4F22-9891-841CE5330DEB}"
EndProject
Global
	GlobalSection(SolutionConfigurationPlatforms) = preSolution
		Debug|Any CPU = Debug|Any CPU
		Release|Any CPU = Release|Any CPU
	EndGlobalSection
	GlobalSection(ProjectConfigurationPlatforms) = postSolution
		{BA1D6FF6-115C-4BF6-BE0B-06B4393CFFEB}.Debug|Any CPU.ActiveCfg = Debug|Any CPU
		{BA1D6FF6-115C-4BF6-BE0B-06B4393CFFEB}.Debug|Any CPU.Build.0 = Debug|Any CPU
		{BA1D6FF6-115C-4BF6-BE0B-06B4393CFFEB}.Release|Any CPU.ActiveCfg = Release|Any CPU
		{BA1D6FF6-115C-4BF6-BE0B-06B4393CFFEB}.Release|Any CPU.Build.0 = Release|Any CPU
		{DA1B8F6F-1AA6-4F22-9891-841CE5330DEB}.Debug|Any CPU.ActiveCfg = Debug|Any CPU
		{DA1B8F6F-1AA6-4F22-9891-841CE5330DEB}.Debug|Any CPU.Build.0 = Debug|Any CPU
		{DA1B8F6F-1AA6-4F22-9891-841CE5330DEB}.Release|Any CPU.ActiveCfg = Release|Any CPU
		{DA1B8F6F-1AA6-4F22-9891-841CE5330DEB}.Release|Any CPU.Build.0 = Release|Any CPU
	EndGlobalSection
	GlobalSection(SolutionProperties) = preSolution
		HideSolutionNode = FALSE
	EndGlobalSection
	GlobalSection(ExtensibilityGlobals) = postSolution
		SolutionGuid = {DE56BFF3-BADD-4E67-9308-49AD60D19A4F}
	EndGlobalSection
EndGlobal
